
Microsoft Visual Studio Solution File, Format Version 12.00
# Visual Studio 15
VisualStudioVersion = 15.0.28307.489
MinimumVisualStudioVersion = 10.0.40219.1
Project("{FAE04EC0-301F-11D3-BF4B-00C04F79EFBC}") = "CoursesTask1", "CoursesTask1\CoursesTask1.csproj", "{AD549C38-A3F7-4619-88F9-FB73BFDBF9D7}"
EndProject
Project("{FAE04EC0-301F-11D3-BF4B-00C04F79EFBC}") = "Classes.Common", "Classes.Common\Classes.Common.csproj", "{68430026-F0EC-4B48-805B-0EDBEE27D1EB}"
EndProject
Project("{FAE04EC0-301F-11D3-BF4B-00C04F79EFBC}") = "CoursesTask2", "CoursesWork2\CoursesTask2.csproj", "{F2CCCB4C-3ECF-4346-861A-4940F73AAFE6}"
EndProject
Project("{FAE04EC0-301F-11D3-BF4B-00C04F79EFBC}") = "CoursesTask3", "CoursesTask3\CoursesTask3.csproj", "{71052A96-2480-498B-816A-E455B3B49A1C}"
EndProject
Project("{FAE04EC0-301F-11D3-BF4B-00C04F79EFBC}") = "CoursesTask4", "CoursesTask4\CoursesTask4.csproj", "{2AC46888-A5F0-49DD-A0A1-DA8C7E027094}"
EndProject
Project("{FAE04EC0-301F-11D3-BF4B-00C04F79EFBC}") = "CoursesTask5", "CoursesTask5\CoursesTask5.csproj", "{FCF4150D-255F-42C6-9E1C-764B30C35987}"
EndProject
Project("{FAE04EC0-301F-11D3-BF4B-00C04F79EFBC}") = "CoursesTask6", "CoursesTask6\CoursesTask6.csproj", "{36FBDBC8-CF2B-4F35-A83A-AF9B3AB5ECFC}"
EndProject
Project("{FAE04EC0-301F-11D3-BF4B-00C04F79EFBC}") = "CoursesTask7", "CoursesTask7\CoursesTask7.csproj", "{7AE7A62B-C360-4403-BA12-A60DAED96D99}"
EndProject
Project("{FAE04EC0-301F-11D3-BF4B-00C04F79EFBC}") = "CoursesTask8", "CoursesTask8\CoursesTask8.csproj", "{E042B0B1-EACF-411D-A7B0-936DFC5318B5}"
EndProject
Project("{FAE04EC0-301F-11D3-BF4B-00C04F79EFBC}") = "CoursesTask9", "CoursesTask9\CoursesTask9.csproj", "{4834FBF8-DE08-4B5E-BE0C-6E995C0E27FC}"
EndProject
Global
	GlobalSection(SolutionConfigurationPlatforms) = preSolution
		Debug|Any CPU = Debug|Any CPU
		Release|Any CPU = Release|Any CPU
	EndGlobalSection
	GlobalSection(ProjectConfigurationPlatforms) = postSolution
		{AD549C38-A3F7-4619-88F9-FB73BFDBF9D7}.Debug|Any CPU.ActiveCfg = Debug|Any CPU
		{AD549C38-A3F7-4619-88F9-FB73BFDBF9D7}.Debug|Any CPU.Build.0 = Debug|Any CPU
		{AD549C38-A3F7-4619-88F9-FB73BFDBF9D7}.Release|Any CPU.ActiveCfg = Release|Any CPU
		{AD549C38-A3F7-4619-88F9-FB73BFDBF9D7}.Release|Any CPU.Build.0 = Release|Any CPU
		{68430026-F0EC-4B48-805B-0EDBEE27D1EB}.Debug|Any CPU.ActiveCfg = Debug|Any CPU
		{68430026-F0EC-4B48-805B-0EDBEE27D1EB}.Debug|Any CPU.Build.0 = Debug|Any CPU
		{68430026-F0EC-4B48-805B-0EDBEE27D1EB}.Release|Any CPU.ActiveCfg = Release|Any CPU
		{68430026-F0EC-4B48-805B-0EDBEE27D1EB}.Release|Any CPU.Build.0 = Release|Any CPU
		{F2CCCB4C-3ECF-4346-861A-4940F73AAFE6}.Debug|Any CPU.ActiveCfg = Debug|Any CPU
		{F2CCCB4C-3ECF-4346-861A-4940F73AAFE6}.Debug|Any CPU.Build.0 = Debug|Any CPU
		{F2CCCB4C-3ECF-4346-861A-4940F73AAFE6}.Release|Any CPU.ActiveCfg = Release|Any CPU
		{F2CCCB4C-3ECF-4346-861A-4940F73AAFE6}.Release|Any CPU.Build.0 = Release|Any CPU
		{71052A96-2480-498B-816A-E455B3B49A1C}.Debug|Any CPU.ActiveCfg = Debug|Any CPU
		{71052A96-2480-498B-816A-E455B3B49A1C}.Debug|Any CPU.Build.0 = Debug|Any CPU
		{71052A96-2480-498B-816A-E455B3B49A1C}.Release|Any CPU.ActiveCfg = Release|Any CPU
		{71052A96-2480-498B-816A-E455B3B49A1C}.Release|Any CPU.Build.0 = Release|Any CPU
		{2AC46888-A5F0-49DD-A0A1-DA8C7E027094}.Debug|Any CPU.ActiveCfg = Debug|Any CPU
		{2AC46888-A5F0-49DD-A0A1-DA8C7E027094}.Debug|Any CPU.Build.0 = Debug|Any CPU
		{2AC46888-A5F0-49DD-A0A1-DA8C7E027094}.Release|Any CPU.ActiveCfg = Release|Any CPU
		{2AC46888-A5F0-49DD-A0A1-DA8C7E027094}.Release|Any CPU.Build.0 = Release|Any CPU
		{FCF4150D-255F-42C6-9E1C-764B30C35987}.Debug|Any CPU.ActiveCfg = Debug|Any CPU
		{FCF4150D-255F-42C6-9E1C-764B30C35987}.Debug|Any CPU.Build.0 = Debug|Any CPU
		{FCF4150D-255F-42C6-9E1C-764B30C35987}.Release|Any CPU.ActiveCfg = Release|Any CPU
		{FCF4150D-255F-42C6-9E1C-764B30C35987}.Release|Any CPU.Build.0 = Release|Any CPU
		{36FBDBC8-CF2B-4F35-A83A-AF9B3AB5ECFC}.Debug|Any CPU.ActiveCfg = Debug|Any CPU
		{36FBDBC8-CF2B-4F35-A83A-AF9B3AB5ECFC}.Debug|Any CPU.Build.0 = Debug|Any CPU
		{36FBDBC8-CF2B-4F35-A83A-AF9B3AB5ECFC}.Release|Any CPU.ActiveCfg = Release|Any CPU
		{36FBDBC8-CF2B-4F35-A83A-AF9B3AB5ECFC}.Release|Any CPU.Build.0 = Release|Any CPU
		{7AE7A62B-C360-4403-BA12-A60DAED96D99}.Debug|Any CPU.ActiveCfg = Debug|Any CPU
		{7AE7A62B-C360-4403-BA12-A60DAED96D99}.Debug|Any CPU.Build.0 = Debug|Any CPU
		{7AE7A62B-C360-4403-BA12-A60DAED96D99}.Release|Any CPU.ActiveCfg = Release|Any CPU
		{7AE7A62B-C360-4403-BA12-A60DAED96D99}.Release|Any CPU.Build.0 = Release|Any CPU
		{E042B0B1-EACF-411D-A7B0-936DFC5318B5}.Debug|Any CPU.ActiveCfg = Debug|Any CPU
		{E042B0B1-EACF-411D-A7B0-936DFC5318B5}.Debug|Any CPU.Build.0 = Debug|Any CPU
		{E042B0B1-EACF-411D-A7B0-936DFC5318B5}.Release|Any CPU.ActiveCfg = Release|Any CPU
		{E042B0B1-EACF-411D-A7B0-936DFC5318B5}.Release|Any CPU.Build.0 = Release|Any CPU
		{4834FBF8-DE08-4B5E-BE0C-6E995C0E27FC}.Debug|Any CPU.ActiveCfg = Debug|Any CPU
		{4834FBF8-DE08-4B5E-BE0C-6E995C0E27FC}.Debug|Any CPU.Build.0 = Debug|Any CPU
		{4834FBF8-DE08-4B5E-BE0C-6E995C0E27FC}.Release|Any CPU.ActiveCfg = Release|Any CPU
		{4834FBF8-DE08-4B5E-BE0C-6E995C0E27FC}.Release|Any CPU.Build.0 = Release|Any CPU
	EndGlobalSection
	GlobalSection(SolutionProperties) = preSolution
		HideSolutionNode = FALSE
	EndGlobalSection
	GlobalSection(ExtensibilityGlobals) = postSolution
		SolutionGuid = {F4D3B92A-FAFB-4C1C-8E26-FBB1D62B8867}
	EndGlobalSection
EndGlobal
